
Microsoft Visual Studio Solution File, Format Version 12.00
# Visual Studio Version 17
VisualStudioVersion = 17.9.34723.18
MinimumVisualStudioVersion = 10.0.40219.1
Project("{FAE04EC0-301F-11D3-BF4B-00C04F79EFBC}") = "MicroServiceB", "MicroServiceB\MicroServiceB.csproj", "{8C0E7CC7-2948-4DA2-9D21-3D79D9FBF1D7}"
EndProject
Project("{FAE04EC0-301F-11D3-BF4B-00C04F79EFBC}") = "ApiGateway", "ApiGateway\ApiGateway.csproj", "{01C70DED-B448-4F13-BB82-BCDAA78AF877}"
EndProject
Project("{FAE04EC0-301F-11D3-BF4B-00C04F79EFBC}") = "MicroServiceA", "MicroServiceA\MicroServiceA.csproj", "{CD16E2BB-6F5D-4FC2-BE92-3FC7303BB97C}"
EndProject
Project("{2150E333-8FDC-42A3-9474-1A3956D46DE8}") = "Solution Items", "Solution Items", "{80FAAA08-F05F-42B7-8E6B-2B8E84740181}"
	ProjectSection(SolutionItems) = preProject
		docker-compose.yml = docker-compose.yml
	EndProjectSection
EndProject
Global
	GlobalSection(SolutionConfigurationPlatforms) = preSolution
		Debug|Any CPU = Debug|Any CPU
		Release|Any CPU = Release|Any CPU
	EndGlobalSection
	GlobalSection(ProjectConfigurationPlatforms) = postSolution
		{8C0E7CC7-2948-4DA2-9D21-3D79D9FBF1D7}.Debug|Any CPU.ActiveCfg = Debug|Any CPU
		{8C0E7CC7-2948-4DA2-9D21-3D79D9FBF1D7}.Debug|Any CPU.Build.0 = Debug|Any CPU
		{8C0E7CC7-2948-4DA2-9D21-3D79D9FBF1D7}.Release|Any CPU.ActiveCfg = Release|Any CPU
		{8C0E7CC7-2948-4DA2-9D21-3D79D9FBF1D7}.Release|Any CPU.Build.0 = Release|Any CPU
		{01C70DED-B448-4F13-BB82-BCDAA78AF877}.Debug|Any CPU.ActiveCfg = Debug|Any CPU
		{01C70DED-B448-4F13-BB82-BCDAA78AF877}.Debug|Any CPU.Build.0 = Debug|Any CPU
		{01C70DED-B448-4F13-BB82-BCDAA78AF877}.Release|Any CPU.ActiveCfg = Release|Any CPU
		{01C70DED-B448-4F13-BB82-BCDAA78AF877}.Release|Any CPU.Build.0 = Release|Any CPU
		{CD16E2BB-6F5D-4FC2-BE92-3FC7303BB97C}.Debug|Any CPU.ActiveCfg = Debug|Any CPU
		{CD16E2BB-6F5D-4FC2-BE92-3FC7303BB97C}.Debug|Any CPU.Build.0 = Debug|Any CPU
		{CD16E2BB-6F5D-4FC2-BE92-3FC7303BB97C}.Release|Any CPU.ActiveCfg = Release|Any CPU
		{CD16E2BB-6F5D-4FC2-BE92-3FC7303BB97C}.Release|Any CPU.Build.0 = Release|Any CPU
	EndGlobalSection
	GlobalSection(SolutionProperties) = preSolution
		HideSolutionNode = FALSE
	EndGlobalSection
	GlobalSection(ExtensibilityGlobals) = postSolution
		SolutionGuid = {A80D280F-0F30-432B-841F-CCB9949ABBB5}
	EndGlobalSection
EndGlobal
